
Microsoft Visual Studio Solution File, Format Version 12.00
# Visual Studio Version 17
VisualStudioVersion = 17.8.34330.188
MinimumVisualStudioVersion = 10.0.40219.1
Project("{9A19103F-16F7-4668-BE54-9A1E7A4F7556}") = "HrTechniqueServer", "HrTechniqueServer.csproj", "{E9FB2D6F-1FFD-4ED9-9E3B-0F0500DE96A3}"
EndProject
Global
	GlobalSection(SolutionConfigurationPlatforms) = preSolution
		Debug|Any CPU = Debug|Any CPU
		Release|Any CPU = Release|Any CPU
	EndGlobalSection
	GlobalSection(ProjectConfigurationPlatforms) = postSolution
		{E9FB2D6F-1FFD-4ED9-9E3B-0F0500DE96A3}.Debug|Any CPU.ActiveCfg = Debug|Any CPU
		{E9FB2D6F-1FFD-4ED9-9E3B-0F0500DE96A3}.Debug|Any CPU.Build.0 = Debug|Any CPU
		{E9FB2D6F-1FFD-4ED9-9E3B-0F0500DE96A3}.Release|Any CPU.ActiveCfg = Release|Any CPU
		{E9FB2D6F-1FFD-4ED9-9E3B-0F0500DE96A3}.Release|Any CPU.Build.0 = Release|Any CPU
	EndGlobalSection
	GlobalSection(SolutionProperties) = preSolution
		HideSolutionNode = FALSE
	EndGlobalSection
	GlobalSection(ExtensibilityGlobals) = postSolution
		SolutionGuid = {D9D91281-A576-4705-93B0-4BE53A9CAD36}
	EndGlobalSection
EndGlobal
